{
  "name": "test",
  "version": "1.0.0",
  "lockfileVersion": 1,
  "requires": true,
  "dependencies": {
    "@sentry-internal/tracing": {
      "version": "7.74.1",
      "resolved": "https://registry.npmjs.org/@sentry-internal/tracing/-/tracing-7.74.1.tgz",
      "integrity": "sha512-nNaiZreQxCitG2PzYPaC7XtyA9OMsETGYMKAtiK4p62/uTmeYbsBva9BoNx1XeiHRwbrVQYRMKQ9nV5e2jS4/A==",
      "requires": {
        "@sentry/core": "7.74.1",
        "@sentry/types": "7.74.1",
        "@sentry/utils": "7.74.1",
        "tslib": "^2.4.1 || ^1.9.3"
      }
    },
    "@sentry/core": {
      "version": "7.74.1",
      "resolved": "https://registry.npmjs.org/@sentry/core/-/core-7.74.1.tgz",
      "integrity": "sha512-LvEhOSfdIvwkr+PdlrT/aA/iOLhkXrSkvjqAQyogE4ddCWeYfS0NoirxNt1EaxMBAWKhYZRqzkA7WA4LDLbzlA==",
      "requires": {
        "@sentry/types": "7.74.1",
        "@sentry/utils": "7.74.1",
        "tslib": "^2.4.1 || ^1.9.3"
      }
    },
    "@sentry/node": {
      "version": "7.74.1",
      "resolved": "https://registry.npmjs.org/@sentry/node/-/node-7.74.1.tgz",
      "integrity": "sha512-aMUQ2LFZF64FBr+cgjAqjT4OkpYBIC9lyWI8QqjEHqNho5+LGu18/iVrJPD4fgs4UhGdCuAiQjpC36MbmnIDZA==",
      "requires": {
        "@sentry-internal/tracing": "7.74.1",
        "@sentry/core": "7.74.1",
        "@sentry/types": "7.74.1",
        "@sentry/utils": "7.74.1",
        "cookie": "^0.5.0",
        "https-proxy-agent": "^5.0.0",
        "lru_map": "^0.3.3",
        "tslib": "^2.4.1 || ^1.9.3"
      }
    },
    "@sentry/types": {
      "version": "7.74.1",
      "resolved": "https://registry.npmjs.org/@sentry/types/-/types-7.74.1.tgz",
      "integrity": "sha512-2jIuPc+YKvXqZETwr2E8VYnsH1zsSUR/wkIvg1uTVeVNyoowJv+YsOtCdeGyL2AwiotUBSPKu7O1Lz0kq5rMOQ=="
    },
    "@sentry/utils": {
      "version": "7.74.1",
      "resolved": "https://registry.npmjs.org/@sentry/utils/-/utils-7.74.1.tgz",
      "integrity": "sha512-qUsqufuHYcy5gFhLZslLxA5kcEOkkODITXW3c7D+x+8iP/AJqa8v8CeUCVNS7RetHCuIeWAbbTClC4c411EwQg==",
      "requires": {
        "@sentry/types": "7.74.1",
        "tslib": "^2.4.1 || ^1.9.3"
      }
    },
    "agent-base": {
      "version": "6.0.2",
      "resolved": "https://registry.npmjs.org/agent-base/-/agent-base-6.0.2.tgz",
      "integrity": "sha512-RZNwNclF7+MS/8bDg70amg32dyeZGZxiDuQmZxKLAlQjr3jGyLx+4Kkk58UO7D2QdgFIQCovuSuZESne6RG6XQ==",
      "requires": {
        "debug": "4"
      }
    },
    "cookie": {
      "version": "0.5.0",
      "resolved": "https://registry.npmjs.org/cookie/-/cookie-0.5.0.tgz",
      "integrity": "sha512-YZ3GUyn/o8gfKJlnlX7g7xq4gyO6OSuhGPKaaGssGB2qgDUS0gPgtTvoyZLTt9Ab6dC4hfc9dV5arkvc/OCmrw=="
    },
    "debug": {
      "version": "4.3.4",
      "resolved": "https://registry.npmjs.org/debug/-/debug-4.3.4.tgz",
      "integrity": "sha512-PRWFHuSU3eDtQJPvnNY7Jcket1j0t5OuOsFzPPzsekD52Zl8qUfFIPEiswXqIvHWGVHOgX+7G/vCNNhehwxfkQ==",
      "requires": {
        "ms": "2.1.2"
      }
    },
    "https-proxy-agent": {
      "version": "5.0.1",
      "resolved": "https://registry.npmjs.org/https-proxy-agent/-/https-proxy-agent-5.0.1.tgz",
      "integrity": "sha512-dFcAjpTQFgoLMzC2VwU+C/CbS7uRL0lWmxDITmqm7C+7F0Odmj6s9l6alZc6AELXhrnggM2CeWSXHGOdX2YtwA==",
      "requires": {
        "agent-base": "6",
        "debug": "4"
      }
    },
    "lru_map": {
      "version": "0.3.3",
      "resolved": "https://registry.npmjs.org/lru_map/-/lru_map-0.3.3.tgz",
      "integrity": "sha512-Pn9cox5CsMYngeDbmChANltQl+5pi6XmTrraMSzhPmMBbmgcxmqWry0U3PGapCU1yB4/LqCcom7qhHZiF/jGfQ=="
    },
    "ms": {
      "version": "2.1.2",
      "resolved": "https://registry.npmjs.org/ms/-/ms-2.1.2.tgz",
      "integrity": "sha512-sGkPx+VjMtmA6MX27oA4FBFELFCZZ4S4XqeGOXCv68tT+jb3vk/RyaKWP0PTKyWtmLSM0b+adUTEvbs1PEaH2w=="
    },
    "tslib": {
      "version": "2.6.2",
      "resolved": "https://registry.npmjs.org/tslib/-/tslib-2.6.2.tgz",
      "integrity": "sha512-AEYxH93jGFPn/a2iVAwW87VuUIkR1FVUKB77NwMF7nBTDkDrrT/Hpt/IrCJ0QXhW27jTBDcf5ZY7w6RiqTMw2Q=="
    }
  }
}
